
Microsoft Visual Studio Solution File, Format Version 12.00
# Visual Studio Version 16
VisualStudioVersion = 16.0.31911.196
MinimumVisualStudioVersion = 10.0.40219.1
Project("{FAE04EC0-301F-11D3-BF4B-00C04F79EFBC}") = "Lab10", "Lab10\Lab10.csproj", "{4F2F4894-8807-4389-8770-0509A34DFBB2}"
EndProject
Global
	GlobalSection(SolutionConfigurationPlatforms) = preSolution
		Debug|Any CPU = Debug|Any CPU
		Release|Any CPU = Release|Any CPU
	EndGlobalSection
	GlobalSection(ProjectConfigurationPlatforms) = postSolution
		{4F2F4894-8807-4389-8770-0509A34DFBB2}.Debug|Any CPU.ActiveCfg = Debug|Any CPU
		{4F2F4894-8807-4389-8770-0509A34DFBB2}.Debug|Any CPU.Build.0 = Debug|Any CPU
		{4F2F4894-8807-4389-8770-0509A34DFBB2}.Release|Any CPU.ActiveCfg = Release|Any CPU
		{4F2F4894-8807-4389-8770-0509A34DFBB2}.Release|Any CPU.Build.0 = Release|Any CPU
	EndGlobalSection
	GlobalSection(SolutionProperties) = preSolution
		HideSolutionNode = FALSE
	EndGlobalSection
	GlobalSection(ExtensibilityGlobals) = postSolution
		SolutionGuid = {F2B2BD97-127C-4CE3-87C3-15521E800D3F}
	EndGlobalSection
EndGlobal
